// !$*UTF8*$!
{
	archiveVersion = 1;
	classes = {
	};
	objectVersion = 46;
	objects = {

/* Begin PBXBuildFile section */
		49237FD01EBD5D5200B11FB8 /* AppDelegate.swift in Sources */ = {isa = PBXBuildFile; fileRef = 49237FCF1EBD5D5200B11FB8 /* AppDelegate.swift */; };
		49237FD51EBD5D5200B11FB8 /* Pod_Player.xcdatamodeld in Sources */ = {isa = PBXBuildFile; fileRef = 49237FD31EBD5D5200B11FB8 /* Pod_Player.xcdatamodeld */; };
		49237FD71EBD5D5200B11FB8 /* Assets.xcassets in Resources */ = {isa = PBXBuildFile; fileRef = 49237FD61EBD5D5200B11FB8 /* Assets.xcassets */; };
		49237FDA1EBD5D5200B11FB8 /* Main.storyboard in Resources */ = {isa = PBXBuildFile; fileRef = 49237FD81EBD5D5200B11FB8 /* Main.storyboard */; };
		4925A2001EBEDC6600E4799B /* PodcastsViewController.swift in Sources */ = {isa = PBXBuildFile; fileRef = 4925A1FF1EBEDC6600E4799B /* PodcastsViewController.swift */; };
		4969E9D11EBEF4C100A1F759 /* Parser.swift in Sources */ = {isa = PBXBuildFile; fileRef = 4969E9D01EBEF4C100A1F759 /* Parser.swift */; };
		4969E9D61EBEFC2900A1F759 /* SWXMLHash.swift in Sources */ = {isa = PBXBuildFile; fileRef = 4969E9D41EBEFC2900A1F759 /* SWXMLHash.swift */; };
		4969E9D71EBEFC2900A1F759 /* SWXMLHash+TypeConversion.swift in Sources */ = {isa = PBXBuildFile; fileRef = 4969E9D51EBEFC2900A1F759 /* SWXMLHash+TypeConversion.swift */; };
/* End PBXBuildFile section */

/* Begin PBXFileReference section */
		49237FCC1EBD5D5200B11FB8 /* Pod Player.app */ = {isa = PBXFileReference; explicitFileType = wrapper.application; includeInIndex = 0; path = "Pod Player.app"; sourceTree = BUILT_PRODUCTS_DIR; };
		49237FCF1EBD5D5200B11FB8 /* AppDelegate.swift */ = {isa = PBXFileReference; lastKnownFileType = sourcecode.swift; path = AppDelegate.swift; sourceTree = "<group>"; };
		49237FD41EBD5D5200B11FB8 /* Pod_Player.xcdatamodel */ = {isa = PBXFileReference; lastKnownFileType = wrapper.xcdatamodel; path = Pod_Player.xcdatamodel; sourceTree = "<group>"; };
		49237FD61EBD5D5200B11FB8 /* Assets.xcassets */ = {isa = PBXFileReference; lastKnownFileType = folder.assetcatalog; path = Assets.xcassets; sourceTree = "<group>"; };
		49237FD91EBD5D5200B11FB8 /* Base */ = {isa = PBXFileReference; lastKnownFileType = file.storyboard; name = Base; path = Base.lproj/Main.storyboard; sourceTree = "<group>"; };
		49237FDB1EBD5D5200B11FB8 /* Info.plist */ = {isa = PBXFileReference; lastKnownFileType = text.plist.xml; path = Info.plist; sourceTree = "<group>"; };
		4925A1FF1EBEDC6600E4799B /* PodcastsViewController.swift */ = {isa = PBXFileReference; fileEncoding = 4; lastKnownFileType = sourcecode.swift; path = PodcastsViewController.swift; sourceTree = "<group>"; };
		4969E9D01EBEF4C100A1F759 /* Parser.swift */ = {isa = PBXFileReference; fileEncoding = 4; lastKnownFileType = sourcecode.swift; path = Parser.swift; sourceTree = "<group>"; };
		4969E9D41EBEFC2900A1F759 /* SWXMLHash.swift */ = {isa = PBXFileReference; fileEncoding = 4; lastKnownFileType = sourcecode.swift; path = SWXMLHash.swift; sourceTree = "<group>"; };
		4969E9D51EBEFC2900A1F759 /* SWXMLHash+TypeConversion.swift */ = {isa = PBXFileReference; fileEncoding = 4; lastKnownFileType = sourcecode.swift; path = "SWXMLHash+TypeConversion.swift"; sourceTree = "<group>"; };
/* End PBXFileReference section */

/* Begin PBXFrameworksBuildPhase section */
		49237FC91EBD5D5200B11FB8 /* Frameworks */ = {
			isa = PBXFrameworksBuildPhase;
			buildActionMask = 2147483647;
			files = (
			);
			runOnlyForDeploymentPostprocessing = 0;
		};
/* End PBXFrameworksBuildPhase section */

/* Begin PBXGroup section */
		49237FC31EBD5D5200B11FB8 = {
			isa = PBXGroup;
			children = (
				49237FCE1EBD5D5200B11FB8 /* Pod Player */,
				49237FCD1EBD5D5200B11FB8 /* Products */,
			);
			sourceTree = "<group>";
		};
		49237FCD1EBD5D5200B11FB8 /* Products */ = {
			isa = PBXGroup;
			children = (
				49237FCC1EBD5D5200B11FB8 /* Pod Player.app */,
			);
			name = Products;
			sourceTree = "<group>";
		};
		49237FCE1EBD5D5200B11FB8 /* Pod Player */ = {
			isa = PBXGroup;
			children = (
				49237FCF1EBD5D5200B11FB8 /* AppDelegate.swift */,
				4925A1FF1EBEDC6600E4799B /* PodcastsViewController.swift */,
				4969E9D01EBEF4C100A1F759 /* Parser.swift */,
				4969E9D31EBEFB8F00A1F759 /* SWXMLHash */,
				49237FD61EBD5D5200B11FB8 /* Assets.xcassets */,
				49237FD81EBD5D5200B11FB8 /* Main.storyboard */,
				49237FDB1EBD5D5200B11FB8 /* Info.plist */,
				49237FD31EBD5D5200B11FB8 /* Pod_Player.xcdatamodeld */,
			);
			path = "Pod Player";
			sourceTree = "<group>";
		};
		4969E9D31EBEFB8F00A1F759 /* SWXMLHash */ = {
			isa = PBXGroup;
			children = (
				4969E9D41EBEFC2900A1F759 /* SWXMLHash.swift */,
				4969E9D51EBEFC2900A1F759 /* SWXMLHash+TypeConversion.swift */,
			);
			name = SWXMLHash;
			sourceTree = "<group>";
		};
/* End PBXGroup section */

/* Begin PBXNativeTarget section */
		49237FCB1EBD5D5200B11FB8 /* Pod Player */ = {
			isa = PBXNativeTarget;
			buildConfigurationList = 49237FDE1EBD5D5200B11FB8 /* Build configuration list for PBXNativeTarget "Pod Player" */;
			buildPhases = (
				49237FC81EBD5D5200B11FB8 /* Sources */,
				49237FC91EBD5D5200B11FB8 /* Frameworks */,
				49237FCA1EBD5D5200B11FB8 /* Resources */,
			);
			buildRules = (
			);
			dependencies = (
			);
			name = "Pod Player";
			productName = "Pod Player";
			productReference = 49237FCC1EBD5D5200B11FB8 /* Pod Player.app */;
			productType = "com.apple.product-type.application";
		};
/* End PBXNativeTarget section */

/* Begin PBXProject section */
		49237FC41EBD5D5200B11FB8 /* Project object */ = {
			isa = PBXProject;
			attributes = {
				LastSwiftUpdateCheck = 0830;
				LastUpgradeCheck = 0830;
				ORGANIZATIONNAME = GarenLiang;
				TargetAttributes = {
					49237FCB1EBD5D5200B11FB8 = {
						CreatedOnToolsVersion = 8.3.2;
						ProvisioningStyle = Automatic;
					};
				};
			};
			buildConfigurationList = 49237FC71EBD5D5200B11FB8 /* Build configuration list for PBXProject "Pod Player" */;
			compatibilityVersion = "Xcode 3.2";
			developmentRegion = English;
			hasScannedForEncodings = 0;
			knownRegions = (
				en,
				Base,
			);
			mainGroup = 49237FC31EBD5D5200B11FB8;
			productRefGroup = 49237FCD1EBD5D5200B11FB8 /* Products */;
			projectDirPath = "";
			projectRoot = "";
			targets = (
				49237FCB1EBD5D5200B11FB8 /* Pod Player */,
			);
		};
/* End PBXProject section */

/* Begin PBXResourcesBuildPhase section */
		49237FCA1EBD5D5200B11FB8 /* Resources */ = {
			isa = PBXResourcesBuildPhase;
			buildActionMask = 2147483647;
			files = (
				49237FD71EBD5D5200B11FB8 /* Assets.xcassets in Resources */,
				49237FDA1EBD5D5200B11FB8 /* Main.storyboard in Resources */,
			);
			runOnlyForDeploymentPostprocessing = 0;
		};
/* End PBXResourcesBuildPhase section */

/* Begin PBXSourcesBuildPhase section */
		49237FC81EBD5D5200B11FB8 /* Sources */ = {
			isa = PBXSourcesBuildPhase;
			buildActionMask = 2147483647;
			files = (
				4969E9D11EBEF4C100A1F759 /* Parser.swift in Sources */,
				4969E9D71EBEFC2900A1F759 /* SWXMLHash+TypeConversion.swift in Sources */,
				49237FD51EBD5D5200B11FB8 /* Pod_Player.xcdatamodeld in Sources */,
				4925A2001EBEDC6600E4799B /* PodcastsViewController.swift in Sources */,
				4969E9D61EBEFC2900A1F759 /* SWXMLHash.swift in Sources */,
				49237FD01EBD5D5200B11FB8 /* AppDelegate.swift in Sources */,
			);
			runOnlyForDeploymentPostprocessing = 0;
		};
/* End PBXSourcesBuildPhase section */

/* Begin PBXVariantGroup section */
		49237FD81EBD5D5200B11FB8 /* Main.storyboard */ = {
			isa = PBXVariantGroup;
			children = (
				49237FD91EBD5D5200B11FB8 /* Base */,
			);
			name = Main.storyboard;
			sourceTree = "<group>";
		};
/* End PBXVariantGroup section */

/* Begin XCBuildConfiguration section */
		49237FDC1EBD5D5200B11FB8 /* Debug */ = {
			isa = XCBuildConfiguration;
			buildSettings = {
				ALWAYS_SEARCH_USER_PATHS = NO;
				CLANG_ANALYZER_NONNULL = YES;
				CLANG_ANALYZER_NUMBER_OBJECT_CONVERSION = YES_AGGRESSIVE;
				CLANG_CXX_LANGUAGE_STANDARD = "gnu++0x";
				CLANG_CXX_LIBRARY = "libc++";
				CLANG_ENABLE_MODULES = YES;
				CLANG_ENABLE_OBJC_ARC = YES;
				CLANG_WARN_BOOL_CONVERSION = YES;
				CLANG_WARN_CONSTANT_CONVERSION = YES;
				CLANG_WARN_DIRECT_OBJC_ISA_USAGE = YES_ERROR;
				CLANG_WARN_DOCUMENTATION_COMMENTS = YES;
				CLANG_WARN_EMPTY_BODY = YES;
				CLANG_WARN_ENUM_CONVERSION = YES;
				CLANG_WARN_INFINITE_RECURSION = YES;
				CLANG_WARN_INT_CONVERSION = YES;
				CLANG_WARN_OBJC_ROOT_CLASS = YES_ERROR;
				CLANG_WARN_SUSPICIOUS_MOVE = YES;
				CLANG_WARN_UNREACHABLE_CODE = YES;
				CLANG_WARN__DUPLICATE_METHOD_MATCH = YES;
				CODE_SIGN_IDENTITY = "-";
				COPY_PHASE_STRIP = NO;
				DEBUG_INFORMATION_FORMAT = dwarf;
				ENABLE_STRICT_OBJC_MSGSEND = YES;
				ENABLE_TESTABILITY = YES;
				GCC_C_LANGUAGE_STANDARD = gnu99;
				GCC_DYNAMIC_NO_PIC = NO;
				GCC_NO_COMMON_BLOCKS = YES;
				GCC_OPTIMIZATION_LEVEL = 0;
				GCC_PREPROCESSOR_DEFINITIONS = (
					"DEBUG=1",
					"$(inherited)",
				);
				GCC_WARN_64_TO_32_BIT_CONVERSION = YES;
				GCC_WARN_ABOUT_RETURN_TYPE = YES_ERROR;
				GCC_WARN_UNDECLARED_SELECTOR = YES;
				GCC_WARN_UNINITIALIZED_AUTOS = YES_AGGRESSIVE;
				GCC_WARN_UNUSED_FUNCTION = YES;
				GCC_WARN_UNUSED_VARIABLE = YES;
				MACOSX_DEPLOYMENT_TARGET = 10.12;
				MTL_ENABLE_DEBUG_INFO = YES;
				ONLY_ACTIVE_ARCH = YES;
				SDKROOT = macosx;
				SWIFT_ACTIVE_COMPILATION_CONDITIONS = DEBUG;
				SWIFT_OPTIMIZATION_LEVEL = "-Onone";
			};
			name = Debug;
		};
		49237FDD1EBD5D5200B11FB8 /* Release */ = {
			isa = XCBuildConfiguration;
			buildSettings = {
				ALWAYS_SEARCH_USER_PATHS = NO;
				CLANG_ANALYZER_NONNULL = YES;
				CLANG_ANALYZER_NUMBER_OBJECT_CONVERSION = YES_AGGRESSIVE;
				CLANG_CXX_LANGUAGE_STANDARD = "gnu++0x";
				CLANG_CXX_LIBRARY = "libc++";
				CLANG_ENABLE_MODULES = YES;
				CLANG_ENABLE_OBJC_ARC = YES;
				CLANG_WARN_BOOL_CONVERSION = YES;
				CLANG_WARN_CONSTANT_CONVERSION = YES;
				CLANG_WARN_DIRECT_OBJC_ISA_USAGE = YES_ERROR;
				CLANG_WARN_DOCUMENTATION_COMMENTS = YES;
				CLANG_WARN_EMPTY_BODY = YES;
				CLANG_WARN_ENUM_CONVERSION = YES;
				CLANG_WARN_INFINITE_RECURSION = YES;
				CLANG_WARN_INT_CONVERSION = YES;
				CLANG_WARN_OBJC_ROOT_CLASS = YES_ERROR;
				CLANG_WARN_SUSPICIOUS_MOVE = YES;
				CLANG_WARN_UNREACHABLE_CODE = YES;
				CLANG_WARN__DUPLICATE_METHOD_MATCH = YES;
				CODE_SIGN_IDENTITY = "-";
				COPY_PHASE_STRIP = NO;
				DEBUG_INFORMATION_FORMAT = "dwarf-with-dsym";
				ENABLE_NS_ASSERTIONS = NO;
				ENABLE_STRICT_OBJC_MSGSEND = YES;
				GCC_C_LANGUAGE_STANDARD = gnu99;
				GCC_NO_COMMON_BLOCKS = YES;
				GCC_WARN_64_TO_32_BIT_CONVERSION = YES;
				GCC_WARN_ABOUT_RETURN_TYPE = YES_ERROR;
				GCC_WARN_UNDECLARED_SELECTOR = YES;
				GCC_WARN_UNINITIALIZED_AUTOS = YES_AGGRESSIVE;
				GCC_WARN_UNUSED_FUNCTION = YES;
				GCC_WARN_UNUSED_VARIABLE = YES;
				MACOSX_DEPLOYMENT_TARGET = 10.12;
				MTL_ENABLE_DEBUG_INFO = NO;
				SDKROOT = macosx;
				SWIFT_OPTIMIZATION_LEVEL = "-Owholemodule";
			};
			name = Release;
		};
		49237FDF1EBD5D5200B11FB8 /* Debug */ = {
			isa = XCBuildConfiguration;
			buildSettings = {
				ASSETCATALOG_COMPILER_APPICON_NAME = AppIcon;
				COMBINE_HIDPI_IMAGES = YES;
				INFOPLIST_FILE = "Pod Player/Info.plist";
				LD_RUNPATH_SEARCH_PATHS = "$(inherited) @executable_path/../Frameworks";
				PRODUCT_BUNDLE_IDENTIFIER = "GarenLiang.Pod-Player";
				PRODUCT_NAME = "$(TARGET_NAME)";
				SWIFT_VERSION = 3.0;
			};
			name = Debug;
		};
		49237FE01EBD5D5200B11FB8 /* Release */ = {
			isa = XCBuildConfiguration;
			buildSettings = {
				ASSETCATALOG_COMPILER_APPICON_NAME = AppIcon;
				COMBINE_HIDPI_IMAGES = YES;
				INFOPLIST_FILE = "Pod Player/Info.plist";
				LD_RUNPATH_SEARCH_PATHS = "$(inherited) @executable_path/../Frameworks";
				PRODUCT_BUNDLE_IDENTIFIER = "GarenLiang.Pod-Player";
				PRODUCT_NAME = "$(TARGET_NAME)";
				SWIFT_VERSION = 3.0;
			};
			name = Release;
		};
/* End XCBuildConfiguration section */

/* Begin XCConfigurationList section */
		49237FC71EBD5D5200B11FB8 /* Build configuration list for PBXProject "Pod Player" */ = {
			isa = XCConfigurationList;
			buildConfigurations = (
				49237FDC1EBD5D5200B11FB8 /* Debug */,
				49237FDD1EBD5D5200B11FB8 /* Release */,
			);
			defaultConfigurationIsVisible = 0;
			defaultConfigurationName = Release;
		};
		49237FDE1EBD5D5200B11FB8 /* Build configuration list for PBXNativeTarget "Pod Player" */ = {
			isa = XCConfigurationList;
			buildConfigurations = (
				49237FDF1EBD5D5200B11FB8 /* Debug */,
				49237FE01EBD5D5200B11FB8 /* Release */,
			);
			defaultConfigurationIsVisible = 0;
			defaultConfigurationName = Release;
		};
/* End XCConfigurationList section */

/* Begin XCVersionGroup section */
		49237FD31EBD5D5200B11FB8 /* Pod_Player.xcdatamodeld */ = {
			isa = XCVersionGroup;
			children = (
				49237FD41EBD5D5200B11FB8 /* Pod_Player.xcdatamodel */,
			);
			currentVersion = 49237FD41EBD5D5200B11FB8 /* Pod_Player.xcdatamodel */;
			path = Pod_Player.xcdatamodeld;
			sourceTree = "<group>";
			versionGroupType = wrapper.xcdatamodel;
		};
/* End XCVersionGroup section */
	};
	rootObject = 49237FC41EBD5D5200B11FB8 /* Project object */;
}
